
Microsoft Visual Studio Solution File, Format Version 12.00
# Visual Studio Version 17
VisualStudioVersion = 17.2.32616.157
MinimumVisualStudioVersion = 10.0.40219.1
Project("{FAE04EC0-301F-11D3-BF4B-00C04F79EFBC}") = "Health_stamina_bar", "Health_stamina_bar\Health_stamina_bar.csproj", "{CF73DEF8-6B75-43DC-9AA2-62CE4713FE99}"
EndProject
Global
	GlobalSection(SolutionConfigurationPlatforms) = preSolution
		Debug|Any CPU = Debug|Any CPU
		Release|Any CPU = Release|Any CPU
	EndGlobalSection
	GlobalSection(ProjectConfigurationPlatforms) = postSolution
		{CF73DEF8-6B75-43DC-9AA2-62CE4713FE99}.Debug|Any CPU.ActiveCfg = Debug|Any CPU
		{CF73DEF8-6B75-43DC-9AA2-62CE4713FE99}.Debug|Any CPU.Build.0 = Debug|Any CPU
		{CF73DEF8-6B75-43DC-9AA2-62CE4713FE99}.Release|Any CPU.ActiveCfg = Release|Any CPU
		{CF73DEF8-6B75-43DC-9AA2-62CE4713FE99}.Release|Any CPU.Build.0 = Release|Any CPU
	EndGlobalSection
	GlobalSection(SolutionProperties) = preSolution
		HideSolutionNode = FALSE
	EndGlobalSection
	GlobalSection(ExtensibilityGlobals) = postSolution
		SolutionGuid = {150444E4-7FBE-463E-B607-392E57316278}
	EndGlobalSection
EndGlobal
